# This file was autogenerated by Stack.
# You should not edit this file by hand.
# For more information, please see the documentation at:
#   https://docs.haskellstack.org/en/stable/lock_files

packages:
- completed:
    size: 5388
    url: https://github.com/moesenle/servant-websockets/archive/a6b8b9f1d9d76e31b0f5de1ce6f79222fc1a7002.tar.gz
    name: servant-websockets
    version: 1.2.0
    sha256: aa6c8e8914a995c9b6d366a072c761dad06d5032af437fd4951233e2f8653fdc
    pantry-tree:
      size: 682
      sha256: d6d2c345d4ac7c63e69aefc679fa44204ae9a31457fffeaa54acf79db44e5048
  original:
    url: https://github.com/moesenle/servant-websockets/archive/a6b8b9f1d9d76e31b0f5de1ce6f79222fc1a7002.tar.gz
snapshots:
- completed:
    size: 586041
    url: https://raw.githubusercontent.com/commercialhaskell/stackage-snapshots/master/lts/18/12.yaml
    sha256: 80fc6391195ff00c36f2a605ecbb07de909bfaa2eaa9722a27e486a6ecf8ecb0
  original:
    url: https://raw.githubusercontent.com/commercialhaskell/stackage-snapshots/master/lts/18/12.yaml
